
Microsoft Visual Studio Solution File, Format Version 12.00
# Visual Studio Version 17
Project("{2150E333-8FDC-42A3-9474-1A3956D46DE8}") = "CMakePredefinedTargets", "CMakePredefinedTargets", "{BE10534F-2C75-3099-9F35-624F2D97954B}"
EndProject
Project("{8BC9CEB8-8B4A-11D0-8D11-00A0C91BC942}") = "ALL_BUILD", "ALL_BUILD.vcxproj", "{443E28C7-C170-37C6-A3B0-9387DC9B1676}"
	ProjectSection(ProjectDependencies) = postProject
		{6AC84AA2-D493-310B-B921-FC159FEECF27} = {6AC84AA2-D493-310B-B921-FC159FEECF27}
		{9810B270-DD5A-3777-8FCC-69538980343A} = {9810B270-DD5A-3777-8FCC-69538980343A}
		{4123BED5-D059-397B-A9FF-40A723B45B05} = {4123BED5-D059-397B-A9FF-40A723B45B05}
		{2935CE73-2C4C-3F0A-AA8F-0FAC8228C3C0} = {2935CE73-2C4C-3F0A-AA8F-0FAC8228C3C0}
		{BED50E53-793F-3174-885B-9BE07676FD72} = {BED50E53-793F-3174-885B-9BE07676FD72}
		{7E46ED1E-A249-331E-86A3-EB33556FD149} = {7E46ED1E-A249-331E-86A3-EB33556FD149}
		{DE759818-E761-3351-8A7F-C87936887F8B} = {DE759818-E761-3351-8A7F-C87936887F8B}
		{CD6432E9-CAAF-305D-8E5B-19976578F32C} = {CD6432E9-CAAF-305D-8E5B-19976578F32C}
		{9FCA3E75-C8D1-331C-8C45-5C1FA9BBA463} = {9FCA3E75-C8D1-331C-8C45-5C1FA9BBA463}
	EndProjectSection
EndProject
Project("{8BC9CEB8-8B4A-11D0-8D11-00A0C91BC942}") = "1_BasicDArray", "src\executables\1_BasicDArray\1_BasicDArray.vcxproj", "{6AC84AA2-D493-310B-B921-FC159FEECF27}"
	ProjectSection(ProjectDependencies) = postProject
		{9FCA3E75-C8D1-331C-8C45-5C1FA9BBA463} = {9FCA3E75-C8D1-331C-8C45-5C1FA9BBA463}
	EndProjectSection
EndProject
Project("{8BC9CEB8-8B4A-11D0-8D11-00A0C91BC942}") = "1_BasicDArray_withSmartPointer", "src\executables\1_BasicDArray_withSmartPointer\1_BasicDArray_withSmartPointer.vcxproj", "{9810B270-DD5A-3777-8FCC-69538980343A}"
	ProjectSection(ProjectDependencies) = postProject
		{9FCA3E75-C8D1-331C-8C45-5C1FA9BBA463} = {9FCA3E75-C8D1-331C-8C45-5C1FA9BBA463}
	EndProjectSection
EndProject
Project("{8BC9CEB8-8B4A-11D0-8D11-00A0C91BC942}") = "2_EfficientDArray", "src\executables\2_EfficientDArray\2_EfficientDArray.vcxproj", "{4123BED5-D059-397B-A9FF-40A723B45B05}"
	ProjectSection(ProjectDependencies) = postProject
		{9FCA3E75-C8D1-331C-8C45-5C1FA9BBA463} = {9FCA3E75-C8D1-331C-8C45-5C1FA9BBA463}
	EndProjectSection
EndProject
Project("{8BC9CEB8-8B4A-11D0-8D11-00A0C91BC942}") = "3_TemplateDArray", "src\executables\3_TemplateDArray\3_TemplateDArray.vcxproj", "{2935CE73-2C4C-3F0A-AA8F-0FAC8228C3C0}"
	ProjectSection(ProjectDependencies) = postProject
		{9FCA3E75-C8D1-331C-8C45-5C1FA9BBA463} = {9FCA3E75-C8D1-331C-8C45-5C1FA9BBA463}
	EndProjectSection
EndProject
Project("{8BC9CEB8-8B4A-11D0-8D11-00A0C91BC942}") = "4_list_Polynomial", "src\executables\4_list_Polynomial\4_list_Polynomial.vcxproj", "{BED50E53-793F-3174-885B-9BE07676FD72}"
	ProjectSection(ProjectDependencies) = postProject
		{DE759818-E761-3351-8A7F-C87936887F8B} = {DE759818-E761-3351-8A7F-C87936887F8B}
		{9FCA3E75-C8D1-331C-8C45-5C1FA9BBA463} = {9FCA3E75-C8D1-331C-8C45-5C1FA9BBA463}
	EndProjectSection
EndProject
Project("{8BC9CEB8-8B4A-11D0-8D11-00A0C91BC942}") = "5_map_Polynomial", "src\executables\5_map_Polynomial\5_map_Polynomial.vcxproj", "{7E46ED1E-A249-331E-86A3-EB33556FD149}"
	ProjectSection(ProjectDependencies) = postProject
		{DE759818-E761-3351-8A7F-C87936887F8B} = {DE759818-E761-3351-8A7F-C87936887F8B}
		{CD6432E9-CAAF-305D-8E5B-19976578F32C} = {CD6432E9-CAAF-305D-8E5B-19976578F32C}
		{9FCA3E75-C8D1-331C-8C45-5C1FA9BBA463} = {9FCA3E75-C8D1-331C-8C45-5C1FA9BBA463}
	EndProjectSection
EndProject
Project("{8BC9CEB8-8B4A-11D0-8D11-00A0C91BC942}") = "PolynomialListLib", "src\libraries\shared\PolynomialListLib.vcxproj", "{DE759818-E761-3351-8A7F-C87936887F8B}"
	ProjectSection(ProjectDependencies) = postProject
		{9FCA3E75-C8D1-331C-8C45-5C1FA9BBA463} = {9FCA3E75-C8D1-331C-8C45-5C1FA9BBA463}
	EndProjectSection
EndProject
Project("{8BC9CEB8-8B4A-11D0-8D11-00A0C91BC942}") = "PolynomialMapLib", "src\libraries\static\PolynomialMapLib.vcxproj", "{CD6432E9-CAAF-305D-8E5B-19976578F32C}"
	ProjectSection(ProjectDependencies) = postProject
		{9FCA3E75-C8D1-331C-8C45-5C1FA9BBA463} = {9FCA3E75-C8D1-331C-8C45-5C1FA9BBA463}
	EndProjectSection
EndProject
Project("{8BC9CEB8-8B4A-11D0-8D11-00A0C91BC942}") = "ZERO_CHECK", "ZERO_CHECK.vcxproj", "{9FCA3E75-C8D1-331C-8C45-5C1FA9BBA463}"
	ProjectSection(ProjectDependencies) = postProject
	EndProjectSection
EndProject
Global
	GlobalSection(SolutionConfigurationPlatforms) = preSolution
		Debug|x64 = Debug|x64
		Release|x64 = Release|x64
		MinSizeRel|x64 = MinSizeRel|x64
		RelWithDebInfo|x64 = RelWithDebInfo|x64
	EndGlobalSection
	GlobalSection(ProjectConfigurationPlatforms) = postSolution
		{443E28C7-C170-37C6-A3B0-9387DC9B1676}.Debug|x64.ActiveCfg = Debug|x64
		{443E28C7-C170-37C6-A3B0-9387DC9B1676}.Release|x64.ActiveCfg = Release|x64
		{443E28C7-C170-37C6-A3B0-9387DC9B1676}.MinSizeRel|x64.ActiveCfg = MinSizeRel|x64
		{443E28C7-C170-37C6-A3B0-9387DC9B1676}.RelWithDebInfo|x64.ActiveCfg = RelWithDebInfo|x64
		{6AC84AA2-D493-310B-B921-FC159FEECF27}.Debug|x64.ActiveCfg = Debug|x64
		{6AC84AA2-D493-310B-B921-FC159FEECF27}.Debug|x64.Build.0 = Debug|x64
		{6AC84AA2-D493-310B-B921-FC159FEECF27}.Release|x64.ActiveCfg = Release|x64
		{6AC84AA2-D493-310B-B921-FC159FEECF27}.Release|x64.Build.0 = Release|x64
		{6AC84AA2-D493-310B-B921-FC159FEECF27}.MinSizeRel|x64.ActiveCfg = MinSizeRel|x64
		{6AC84AA2-D493-310B-B921-FC159FEECF27}.MinSizeRel|x64.Build.0 = MinSizeRel|x64
		{6AC84AA2-D493-310B-B921-FC159FEECF27}.RelWithDebInfo|x64.ActiveCfg = RelWithDebInfo|x64
		{6AC84AA2-D493-310B-B921-FC159FEECF27}.RelWithDebInfo|x64.Build.0 = RelWithDebInfo|x64
		{9810B270-DD5A-3777-8FCC-69538980343A}.Debug|x64.ActiveCfg = Debug|x64
		{9810B270-DD5A-3777-8FCC-69538980343A}.Debug|x64.Build.0 = Debug|x64
		{9810B270-DD5A-3777-8FCC-69538980343A}.Release|x64.ActiveCfg = Release|x64
		{9810B270-DD5A-3777-8FCC-69538980343A}.Release|x64.Build.0 = Release|x64
		{9810B270-DD5A-3777-8FCC-69538980343A}.MinSizeRel|x64.ActiveCfg = MinSizeRel|x64
		{9810B270-DD5A-3777-8FCC-69538980343A}.MinSizeRel|x64.Build.0 = MinSizeRel|x64
		{9810B270-DD5A-3777-8FCC-69538980343A}.RelWithDebInfo|x64.ActiveCfg = RelWithDebInfo|x64
		{9810B270-DD5A-3777-8FCC-69538980343A}.RelWithDebInfo|x64.Build.0 = RelWithDebInfo|x64
		{4123BED5-D059-397B-A9FF-40A723B45B05}.Debug|x64.ActiveCfg = Debug|x64
		{4123BED5-D059-397B-A9FF-40A723B45B05}.Debug|x64.Build.0 = Debug|x64
		{4123BED5-D059-397B-A9FF-40A723B45B05}.Release|x64.ActiveCfg = Release|x64
		{4123BED5-D059-397B-A9FF-40A723B45B05}.Release|x64.Build.0 = Release|x64
		{4123BED5-D059-397B-A9FF-40A723B45B05}.MinSizeRel|x64.ActiveCfg = MinSizeRel|x64
		{4123BED5-D059-397B-A9FF-40A723B45B05}.MinSizeRel|x64.Build.0 = MinSizeRel|x64
		{4123BED5-D059-397B-A9FF-40A723B45B05}.RelWithDebInfo|x64.ActiveCfg = RelWithDebInfo|x64
		{4123BED5-D059-397B-A9FF-40A723B45B05}.RelWithDebInfo|x64.Build.0 = RelWithDebInfo|x64
		{2935CE73-2C4C-3F0A-AA8F-0FAC8228C3C0}.Debug|x64.ActiveCfg = Debug|x64
		{2935CE73-2C4C-3F0A-AA8F-0FAC8228C3C0}.Debug|x64.Build.0 = Debug|x64
		{2935CE73-2C4C-3F0A-AA8F-0FAC8228C3C0}.Release|x64.ActiveCfg = Release|x64
		{2935CE73-2C4C-3F0A-AA8F-0FAC8228C3C0}.Release|x64.Build.0 = Release|x64
		{2935CE73-2C4C-3F0A-AA8F-0FAC8228C3C0}.MinSizeRel|x64.ActiveCfg = MinSizeRel|x64
		{2935CE73-2C4C-3F0A-AA8F-0FAC8228C3C0}.MinSizeRel|x64.Build.0 = MinSizeRel|x64
		{2935CE73-2C4C-3F0A-AA8F-0FAC8228C3C0}.RelWithDebInfo|x64.ActiveCfg = RelWithDebInfo|x64
		{2935CE73-2C4C-3F0A-AA8F-0FAC8228C3C0}.RelWithDebInfo|x64.Build.0 = RelWithDebInfo|x64
		{BED50E53-793F-3174-885B-9BE07676FD72}.Debug|x64.ActiveCfg = Debug|x64
		{BED50E53-793F-3174-885B-9BE07676FD72}.Debug|x64.Build.0 = Debug|x64
		{BED50E53-793F-3174-885B-9BE07676FD72}.Release|x64.ActiveCfg = Release|x64
		{BED50E53-793F-3174-885B-9BE07676FD72}.Release|x64.Build.0 = Release|x64
		{BED50E53-793F-3174-885B-9BE07676FD72}.MinSizeRel|x64.ActiveCfg = MinSizeRel|x64
		{BED50E53-793F-3174-885B-9BE07676FD72}.MinSizeRel|x64.Build.0 = MinSizeRel|x64
		{BED50E53-793F-3174-885B-9BE07676FD72}.RelWithDebInfo|x64.ActiveCfg = RelWithDebInfo|x64
		{BED50E53-793F-3174-885B-9BE07676FD72}.RelWithDebInfo|x64.Build.0 = RelWithDebInfo|x64
		{7E46ED1E-A249-331E-86A3-EB33556FD149}.Debug|x64.ActiveCfg = Debug|x64
		{7E46ED1E-A249-331E-86A3-EB33556FD149}.Debug|x64.Build.0 = Debug|x64
		{7E46ED1E-A249-331E-86A3-EB33556FD149}.Release|x64.ActiveCfg = Release|x64
		{7E46ED1E-A249-331E-86A3-EB33556FD149}.Release|x64.Build.0 = Release|x64
		{7E46ED1E-A249-331E-86A3-EB33556FD149}.MinSizeRel|x64.ActiveCfg = MinSizeRel|x64
		{7E46ED1E-A249-331E-86A3-EB33556FD149}.MinSizeRel|x64.Build.0 = MinSizeRel|x64
		{7E46ED1E-A249-331E-86A3-EB33556FD149}.RelWithDebInfo|x64.ActiveCfg = RelWithDebInfo|x64
		{7E46ED1E-A249-331E-86A3-EB33556FD149}.RelWithDebInfo|x64.Build.0 = RelWithDebInfo|x64
		{DE759818-E761-3351-8A7F-C87936887F8B}.Debug|x64.ActiveCfg = Debug|x64
		{DE759818-E761-3351-8A7F-C87936887F8B}.Debug|x64.Build.0 = Debug|x64
		{DE759818-E761-3351-8A7F-C87936887F8B}.Release|x64.ActiveCfg = Release|x64
		{DE759818-E761-3351-8A7F-C87936887F8B}.Release|x64.Build.0 = Release|x64
		{DE759818-E761-3351-8A7F-C87936887F8B}.MinSizeRel|x64.ActiveCfg = MinSizeRel|x64
		{DE759818-E761-3351-8A7F-C87936887F8B}.MinSizeRel|x64.Build.0 = MinSizeRel|x64
		{DE759818-E761-3351-8A7F-C87936887F8B}.RelWithDebInfo|x64.ActiveCfg = RelWithDebInfo|x64
		{DE759818-E761-3351-8A7F-C87936887F8B}.RelWithDebInfo|x64.Build.0 = RelWithDebInfo|x64
		{CD6432E9-CAAF-305D-8E5B-19976578F32C}.Debug|x64.ActiveCfg = Debug|x64
		{CD6432E9-CAAF-305D-8E5B-19976578F32C}.Debug|x64.Build.0 = Debug|x64
		{CD6432E9-CAAF-305D-8E5B-19976578F32C}.Release|x64.ActiveCfg = Release|x64
		{CD6432E9-CAAF-305D-8E5B-19976578F32C}.Release|x64.Build.0 = Release|x64
		{CD6432E9-CAAF-305D-8E5B-19976578F32C}.MinSizeRel|x64.ActiveCfg = MinSizeRel|x64
		{CD6432E9-CAAF-305D-8E5B-19976578F32C}.MinSizeRel|x64.Build.0 = MinSizeRel|x64
		{CD6432E9-CAAF-305D-8E5B-19976578F32C}.RelWithDebInfo|x64.ActiveCfg = RelWithDebInfo|x64
		{CD6432E9-CAAF-305D-8E5B-19976578F32C}.RelWithDebInfo|x64.Build.0 = RelWithDebInfo|x64
		{9FCA3E75-C8D1-331C-8C45-5C1FA9BBA463}.Debug|x64.ActiveCfg = Debug|x64
		{9FCA3E75-C8D1-331C-8C45-5C1FA9BBA463}.Debug|x64.Build.0 = Debug|x64
		{9FCA3E75-C8D1-331C-8C45-5C1FA9BBA463}.Release|x64.ActiveCfg = Release|x64
		{9FCA3E75-C8D1-331C-8C45-5C1FA9BBA463}.Release|x64.Build.0 = Release|x64
		{9FCA3E75-C8D1-331C-8C45-5C1FA9BBA463}.MinSizeRel|x64.ActiveCfg = MinSizeRel|x64
		{9FCA3E75-C8D1-331C-8C45-5C1FA9BBA463}.MinSizeRel|x64.Build.0 = MinSizeRel|x64
		{9FCA3E75-C8D1-331C-8C45-5C1FA9BBA463}.RelWithDebInfo|x64.ActiveCfg = RelWithDebInfo|x64
		{9FCA3E75-C8D1-331C-8C45-5C1FA9BBA463}.RelWithDebInfo|x64.Build.0 = RelWithDebInfo|x64
	EndGlobalSection
	GlobalSection(NestedProjects) = preSolution
		{443E28C7-C170-37C6-A3B0-9387DC9B1676} = {BE10534F-2C75-3099-9F35-624F2D97954B}
		{9FCA3E75-C8D1-331C-8C45-5C1FA9BBA463} = {BE10534F-2C75-3099-9F35-624F2D97954B}
	EndGlobalSection
	GlobalSection(ExtensibilityGlobals) = postSolution
		SolutionGuid = {8C043068-B2CB-35FD-9D91-1701F0942D97}
	EndGlobalSection
	GlobalSection(ExtensibilityAddIns) = postSolution
	EndGlobalSection
EndGlobal
