<?xml version="1.0" encoding="utf-8"?>
<Project ToolsVersion="17.0" xmlns="http://schemas.microsoft.com/developer/msbuild/2003">
  <ItemGroup>
    <CustomBuild Include="E:\code\learning\github\learning\0_cpp_warmup\samples\CMakeFiles\2a1204ff3f6e26296c1ba9566773c399\generate.stamp.rule">
      <Filter>CMake Rules</Filter>
    </CustomBuild>
  </ItemGroup>
  <ItemGroup>
    <Filter Include="CMake Rules">
      <UniqueIdentifier>{FEDFFC77-C7D5-3752-BA72-E88987EE685E}</UniqueIdentifier>
    </Filter>
  </ItemGroup>
</Project>
