
Microsoft Visual Studio Solution File, Format Version 12.00
# Visual Studio Version 17
Project("{2150E333-8FDC-42A3-9474-1A3956D46DE8}") = "CMakePredefinedTargets", "CMakePredefinedTargets", "{F467B9E2-6B9E-3B7E-8E36-F06BD1775485}"
EndProject
Project("{8BC9CEB8-8B4A-11D0-8D11-00A0C91BC942}") = "ALL_BUILD", "ALL_BUILD.vcxproj", "{21ECBC25-2B49-3738-98ED-955D4476AC59}"
	ProjectSection(ProjectDependencies) = postProject
		{223FA3AE-400E-3AFE-B7C4-BB8E66DEF298} = {223FA3AE-400E-3AFE-B7C4-BB8E66DEF298}
		{31F1C982-A8D1-395F-8800-0D8ADDFF38A7} = {31F1C982-A8D1-395F-8800-0D8ADDFF38A7}
		{3F6E0186-DB16-3DE4-ADE9-56C65C2C55F5} = {3F6E0186-DB16-3DE4-ADE9-56C65C2C55F5}
		{1951B550-0C0B-3311-A616-16B8EFED816E} = {1951B550-0C0B-3311-A616-16B8EFED816E}
		{0DCE8F0A-3042-35A7-9018-34349E2EAAD3} = {0DCE8F0A-3042-35A7-9018-34349E2EAAD3}
		{03F18401-75A7-3DBE-B5E2-AC7E77BF73C3} = {03F18401-75A7-3DBE-B5E2-AC7E77BF73C3}
		{1743EF1F-1022-36B5-8BD3-A062E21920C6} = {1743EF1F-1022-36B5-8BD3-A062E21920C6}
		{E6E80786-657D-35BB-A50F-EEAFA0B834FF} = {E6E80786-657D-35BB-A50F-EEAFA0B834FF}
		{47417045-28F5-33F6-AA88-E4CB6E35AD20} = {47417045-28F5-33F6-AA88-E4CB6E35AD20}
	EndProjectSection
EndProject
Project("{8BC9CEB8-8B4A-11D0-8D11-00A0C91BC942}") = "Array", "src\Array\Array.vcxproj", "{223FA3AE-400E-3AFE-B7C4-BB8E66DEF298}"
	ProjectSection(ProjectDependencies) = postProject
		{47417045-28F5-33F6-AA88-E4CB6E35AD20} = {47417045-28F5-33F6-AA88-E4CB6E35AD20}
	EndProjectSection
EndProject
Project("{8BC9CEB8-8B4A-11D0-8D11-00A0C91BC942}") = "Array0", "src\Array0\Array0.vcxproj", "{31F1C982-A8D1-395F-8800-0D8ADDFF38A7}"
	ProjectSection(ProjectDependencies) = postProject
		{47417045-28F5-33F6-AA88-E4CB6E35AD20} = {47417045-28F5-33F6-AA88-E4CB6E35AD20}
	EndProjectSection
EndProject
Project("{8BC9CEB8-8B4A-11D0-8D11-00A0C91BC942}") = "Array1.0", "src\Array1.0\Array1.0.vcxproj", "{3F6E0186-DB16-3DE4-ADE9-56C65C2C55F5}"
	ProjectSection(ProjectDependencies) = postProject
		{47417045-28F5-33F6-AA88-E4CB6E35AD20} = {47417045-28F5-33F6-AA88-E4CB6E35AD20}
	EndProjectSection
EndProject
Project("{8BC9CEB8-8B4A-11D0-8D11-00A0C91BC942}") = "Array1.1", "src\Array1.1\Array1.1.vcxproj", "{1951B550-0C0B-3311-A616-16B8EFED816E}"
	ProjectSection(ProjectDependencies) = postProject
		{47417045-28F5-33F6-AA88-E4CB6E35AD20} = {47417045-28F5-33F6-AA88-E4CB6E35AD20}
	EndProjectSection
EndProject
Project("{8BC9CEB8-8B4A-11D0-8D11-00A0C91BC942}") = "Array2", "src\Array2\Array2.vcxproj", "{0DCE8F0A-3042-35A7-9018-34349E2EAAD3}"
	ProjectSection(ProjectDependencies) = postProject
		{47417045-28F5-33F6-AA88-E4CB6E35AD20} = {47417045-28F5-33F6-AA88-E4CB6E35AD20}
	EndProjectSection
EndProject
Project("{8BC9CEB8-8B4A-11D0-8D11-00A0C91BC942}") = "Array3", "src\Array3\Array3.vcxproj", "{03F18401-75A7-3DBE-B5E2-AC7E77BF73C3}"
	ProjectSection(ProjectDependencies) = postProject
		{47417045-28F5-33F6-AA88-E4CB6E35AD20} = {47417045-28F5-33F6-AA88-E4CB6E35AD20}
	EndProjectSection
EndProject
Project("{8BC9CEB8-8B4A-11D0-8D11-00A0C91BC942}") = "Array4", "src\Array4\Array4.vcxproj", "{1743EF1F-1022-36B5-8BD3-A062E21920C6}"
	ProjectSection(ProjectDependencies) = postProject
		{47417045-28F5-33F6-AA88-E4CB6E35AD20} = {47417045-28F5-33F6-AA88-E4CB6E35AD20}
	EndProjectSection
EndProject
Project("{8BC9CEB8-8B4A-11D0-8D11-00A0C91BC942}") = "Array5", "src\Array5\Array5.vcxproj", "{E6E80786-657D-35BB-A50F-EEAFA0B834FF}"
	ProjectSection(ProjectDependencies) = postProject
		{47417045-28F5-33F6-AA88-E4CB6E35AD20} = {47417045-28F5-33F6-AA88-E4CB6E35AD20}
	EndProjectSection
EndProject
Project("{8BC9CEB8-8B4A-11D0-8D11-00A0C91BC942}") = "ZERO_CHECK", "ZERO_CHECK.vcxproj", "{47417045-28F5-33F6-AA88-E4CB6E35AD20}"
	ProjectSection(ProjectDependencies) = postProject
	EndProjectSection
EndProject
Global
	GlobalSection(SolutionConfigurationPlatforms) = preSolution
		Debug|x64 = Debug|x64
		Release|x64 = Release|x64
		MinSizeRel|x64 = MinSizeRel|x64
		RelWithDebInfo|x64 = RelWithDebInfo|x64
	EndGlobalSection
	GlobalSection(ProjectConfigurationPlatforms) = postSolution
		{21ECBC25-2B49-3738-98ED-955D4476AC59}.Debug|x64.ActiveCfg = Debug|x64
		{21ECBC25-2B49-3738-98ED-955D4476AC59}.Release|x64.ActiveCfg = Release|x64
		{21ECBC25-2B49-3738-98ED-955D4476AC59}.MinSizeRel|x64.ActiveCfg = MinSizeRel|x64
		{21ECBC25-2B49-3738-98ED-955D4476AC59}.RelWithDebInfo|x64.ActiveCfg = RelWithDebInfo|x64
		{223FA3AE-400E-3AFE-B7C4-BB8E66DEF298}.Debug|x64.ActiveCfg = Debug|x64
		{223FA3AE-400E-3AFE-B7C4-BB8E66DEF298}.Debug|x64.Build.0 = Debug|x64
		{223FA3AE-400E-3AFE-B7C4-BB8E66DEF298}.Release|x64.ActiveCfg = Release|x64
		{223FA3AE-400E-3AFE-B7C4-BB8E66DEF298}.Release|x64.Build.0 = Release|x64
		{223FA3AE-400E-3AFE-B7C4-BB8E66DEF298}.MinSizeRel|x64.ActiveCfg = MinSizeRel|x64
		{223FA3AE-400E-3AFE-B7C4-BB8E66DEF298}.MinSizeRel|x64.Build.0 = MinSizeRel|x64
		{223FA3AE-400E-3AFE-B7C4-BB8E66DEF298}.RelWithDebInfo|x64.ActiveCfg = RelWithDebInfo|x64
		{223FA3AE-400E-3AFE-B7C4-BB8E66DEF298}.RelWithDebInfo|x64.Build.0 = RelWithDebInfo|x64
		{31F1C982-A8D1-395F-8800-0D8ADDFF38A7}.Debug|x64.ActiveCfg = Debug|x64
		{31F1C982-A8D1-395F-8800-0D8ADDFF38A7}.Debug|x64.Build.0 = Debug|x64
		{31F1C982-A8D1-395F-8800-0D8ADDFF38A7}.Release|x64.ActiveCfg = Release|x64
		{31F1C982-A8D1-395F-8800-0D8ADDFF38A7}.Release|x64.Build.0 = Release|x64
		{31F1C982-A8D1-395F-8800-0D8ADDFF38A7}.MinSizeRel|x64.ActiveCfg = MinSizeRel|x64
		{31F1C982-A8D1-395F-8800-0D8ADDFF38A7}.MinSizeRel|x64.Build.0 = MinSizeRel|x64
		{31F1C982-A8D1-395F-8800-0D8ADDFF38A7}.RelWithDebInfo|x64.ActiveCfg = RelWithDebInfo|x64
		{31F1C982-A8D1-395F-8800-0D8ADDFF38A7}.RelWithDebInfo|x64.Build.0 = RelWithDebInfo|x64
		{3F6E0186-DB16-3DE4-ADE9-56C65C2C55F5}.Debug|x64.ActiveCfg = Debug|x64
		{3F6E0186-DB16-3DE4-ADE9-56C65C2C55F5}.Debug|x64.Build.0 = Debug|x64
		{3F6E0186-DB16-3DE4-ADE9-56C65C2C55F5}.Release|x64.ActiveCfg = Release|x64
		{3F6E0186-DB16-3DE4-ADE9-56C65C2C55F5}.Release|x64.Build.0 = Release|x64
		{3F6E0186-DB16-3DE4-ADE9-56C65C2C55F5}.MinSizeRel|x64.ActiveCfg = MinSizeRel|x64
		{3F6E0186-DB16-3DE4-ADE9-56C65C2C55F5}.MinSizeRel|x64.Build.0 = MinSizeRel|x64
		{3F6E0186-DB16-3DE4-ADE9-56C65C2C55F5}.RelWithDebInfo|x64.ActiveCfg = RelWithDebInfo|x64
		{3F6E0186-DB16-3DE4-ADE9-56C65C2C55F5}.RelWithDebInfo|x64.Build.0 = RelWithDebInfo|x64
		{1951B550-0C0B-3311-A616-16B8EFED816E}.Debug|x64.ActiveCfg = Debug|x64
		{1951B550-0C0B-3311-A616-16B8EFED816E}.Debug|x64.Build.0 = Debug|x64
		{1951B550-0C0B-3311-A616-16B8EFED816E}.Release|x64.ActiveCfg = Release|x64
		{1951B550-0C0B-3311-A616-16B8EFED816E}.Release|x64.Build.0 = Release|x64
		{1951B550-0C0B-3311-A616-16B8EFED816E}.MinSizeRel|x64.ActiveCfg = MinSizeRel|x64
		{1951B550-0C0B-3311-A616-16B8EFED816E}.MinSizeRel|x64.Build.0 = MinSizeRel|x64
		{1951B550-0C0B-3311-A616-16B8EFED816E}.RelWithDebInfo|x64.ActiveCfg = RelWithDebInfo|x64
		{1951B550-0C0B-3311-A616-16B8EFED816E}.RelWithDebInfo|x64.Build.0 = RelWithDebInfo|x64
		{0DCE8F0A-3042-35A7-9018-34349E2EAAD3}.Debug|x64.ActiveCfg = Debug|x64
		{0DCE8F0A-3042-35A7-9018-34349E2EAAD3}.Debug|x64.Build.0 = Debug|x64
		{0DCE8F0A-3042-35A7-9018-34349E2EAAD3}.Release|x64.ActiveCfg = Release|x64
		{0DCE8F0A-3042-35A7-9018-34349E2EAAD3}.Release|x64.Build.0 = Release|x64
		{0DCE8F0A-3042-35A7-9018-34349E2EAAD3}.MinSizeRel|x64.ActiveCfg = MinSizeRel|x64
		{0DCE8F0A-3042-35A7-9018-34349E2EAAD3}.MinSizeRel|x64.Build.0 = MinSizeRel|x64
		{0DCE8F0A-3042-35A7-9018-34349E2EAAD3}.RelWithDebInfo|x64.ActiveCfg = RelWithDebInfo|x64
		{0DCE8F0A-3042-35A7-9018-34349E2EAAD3}.RelWithDebInfo|x64.Build.0 = RelWithDebInfo|x64
		{03F18401-75A7-3DBE-B5E2-AC7E77BF73C3}.Debug|x64.ActiveCfg = Debug|x64
		{03F18401-75A7-3DBE-B5E2-AC7E77BF73C3}.Debug|x64.Build.0 = Debug|x64
		{03F18401-75A7-3DBE-B5E2-AC7E77BF73C3}.Release|x64.ActiveCfg = Release|x64
		{03F18401-75A7-3DBE-B5E2-AC7E77BF73C3}.Release|x64.Build.0 = Release|x64
		{03F18401-75A7-3DBE-B5E2-AC7E77BF73C3}.MinSizeRel|x64.ActiveCfg = MinSizeRel|x64
		{03F18401-75A7-3DBE-B5E2-AC7E77BF73C3}.MinSizeRel|x64.Build.0 = MinSizeRel|x64
		{03F18401-75A7-3DBE-B5E2-AC7E77BF73C3}.RelWithDebInfo|x64.ActiveCfg = RelWithDebInfo|x64
		{03F18401-75A7-3DBE-B5E2-AC7E77BF73C3}.RelWithDebInfo|x64.Build.0 = RelWithDebInfo|x64
		{1743EF1F-1022-36B5-8BD3-A062E21920C6}.Debug|x64.ActiveCfg = Debug|x64
		{1743EF1F-1022-36B5-8BD3-A062E21920C6}.Debug|x64.Build.0 = Debug|x64
		{1743EF1F-1022-36B5-8BD3-A062E21920C6}.Release|x64.ActiveCfg = Release|x64
		{1743EF1F-1022-36B5-8BD3-A062E21920C6}.Release|x64.Build.0 = Release|x64
		{1743EF1F-1022-36B5-8BD3-A062E21920C6}.MinSizeRel|x64.ActiveCfg = MinSizeRel|x64
		{1743EF1F-1022-36B5-8BD3-A062E21920C6}.MinSizeRel|x64.Build.0 = MinSizeRel|x64
		{1743EF1F-1022-36B5-8BD3-A062E21920C6}.RelWithDebInfo|x64.ActiveCfg = RelWithDebInfo|x64
		{1743EF1F-1022-36B5-8BD3-A062E21920C6}.RelWithDebInfo|x64.Build.0 = RelWithDebInfo|x64
		{E6E80786-657D-35BB-A50F-EEAFA0B834FF}.Debug|x64.ActiveCfg = Debug|x64
		{E6E80786-657D-35BB-A50F-EEAFA0B834FF}.Debug|x64.Build.0 = Debug|x64
		{E6E80786-657D-35BB-A50F-EEAFA0B834FF}.Release|x64.ActiveCfg = Release|x64
		{E6E80786-657D-35BB-A50F-EEAFA0B834FF}.Release|x64.Build.0 = Release|x64
		{E6E80786-657D-35BB-A50F-EEAFA0B834FF}.MinSizeRel|x64.ActiveCfg = MinSizeRel|x64
		{E6E80786-657D-35BB-A50F-EEAFA0B834FF}.MinSizeRel|x64.Build.0 = MinSizeRel|x64
		{E6E80786-657D-35BB-A50F-EEAFA0B834FF}.RelWithDebInfo|x64.ActiveCfg = RelWithDebInfo|x64
		{E6E80786-657D-35BB-A50F-EEAFA0B834FF}.RelWithDebInfo|x64.Build.0 = RelWithDebInfo|x64
		{47417045-28F5-33F6-AA88-E4CB6E35AD20}.Debug|x64.ActiveCfg = Debug|x64
		{47417045-28F5-33F6-AA88-E4CB6E35AD20}.Debug|x64.Build.0 = Debug|x64
		{47417045-28F5-33F6-AA88-E4CB6E35AD20}.Release|x64.ActiveCfg = Release|x64
		{47417045-28F5-33F6-AA88-E4CB6E35AD20}.Release|x64.Build.0 = Release|x64
		{47417045-28F5-33F6-AA88-E4CB6E35AD20}.MinSizeRel|x64.ActiveCfg = MinSizeRel|x64
		{47417045-28F5-33F6-AA88-E4CB6E35AD20}.MinSizeRel|x64.Build.0 = MinSizeRel|x64
		{47417045-28F5-33F6-AA88-E4CB6E35AD20}.RelWithDebInfo|x64.ActiveCfg = RelWithDebInfo|x64
		{47417045-28F5-33F6-AA88-E4CB6E35AD20}.RelWithDebInfo|x64.Build.0 = RelWithDebInfo|x64
	EndGlobalSection
	GlobalSection(NestedProjects) = preSolution
		{21ECBC25-2B49-3738-98ED-955D4476AC59} = {F467B9E2-6B9E-3B7E-8E36-F06BD1775485}
		{47417045-28F5-33F6-AA88-E4CB6E35AD20} = {F467B9E2-6B9E-3B7E-8E36-F06BD1775485}
	EndGlobalSection
	GlobalSection(ExtensibilityGlobals) = postSolution
		SolutionGuid = {DEF54387-9B19-371C-B7EB-BF58731B5229}
	EndGlobalSection
	GlobalSection(ExtensibilityAddIns) = postSolution
	EndGlobalSection
EndGlobal
